
Microsoft Visual Studio Solution File, Format Version 12.00
# Visual Studio Version 17
VisualStudioVersion = 17.10.34916.146
MinimumVisualStudioVersion = 10.0.40219.1
Project("{FAE04EC0-301F-11D3-BF4B-00C04F79EFBC}") = "IBDApp", "IBDApp\IBDApp.csproj", "{A527D379-66A0-4DD8-A5A4-E56A6E679D3A}"
EndProject
Project("{FAE04EC0-301F-11D3-BF4B-00C04F79EFBC}") = "UnitTests", "UnitTests\UnitTests.csproj", "{CE3A504E-748E-44F7-AC09-13589D42EEAE}"
EndProject
Global
	GlobalSection(SolutionConfigurationPlatforms) = preSolution
		Debug|Any CPU = Debug|Any CPU
		Release|Any CPU = Release|Any CPU
	EndGlobalSection
	GlobalSection(ProjectConfigurationPlatforms) = postSolution
		{A527D379-66A0-4DD8-A5A4-E56A6E679D3A}.Debug|Any CPU.ActiveCfg = Debug|Any CPU
		{A527D379-66A0-4DD8-A5A4-E56A6E679D3A}.Debug|Any CPU.Build.0 = Debug|Any CPU
		{A527D379-66A0-4DD8-A5A4-E56A6E679D3A}.Debug|Any CPU.Deploy.0 = Debug|Any CPU
		{A527D379-66A0-4DD8-A5A4-E56A6E679D3A}.Release|Any CPU.ActiveCfg = Release|Any CPU
		{A527D379-66A0-4DD8-A5A4-E56A6E679D3A}.Release|Any CPU.Build.0 = Release|Any CPU
		{A527D379-66A0-4DD8-A5A4-E56A6E679D3A}.Release|Any CPU.Deploy.0 = Release|Any CPU
		{CE3A504E-748E-44F7-AC09-13589D42EEAE}.Debug|Any CPU.ActiveCfg = Debug|Any CPU
		{CE3A504E-748E-44F7-AC09-13589D42EEAE}.Debug|Any CPU.Build.0 = Debug|Any CPU
		{CE3A504E-748E-44F7-AC09-13589D42EEAE}.Release|Any CPU.ActiveCfg = Release|Any CPU
		{CE3A504E-748E-44F7-AC09-13589D42EEAE}.Release|Any CPU.Build.0 = Release|Any CPU
	EndGlobalSection
	GlobalSection(SolutionProperties) = preSolution
		HideSolutionNode = FALSE
	EndGlobalSection
	GlobalSection(ExtensibilityGlobals) = postSolution
		SolutionGuid = {A219189F-9677-44CD-BEEA-C95F4AF0E8CA}
	EndGlobalSection
EndGlobal
